schema: '2.0'
stages:
  load_data:
    cmd: python src\load_data.py --config=params.yaml
    deps:
    - path: data_given\winequality.csv
      md5: ccc8d3507eb151f53f760d36abdef888
      size: 91998
    - path: src\get_data.py
      md5: 1dfdb2d5d2b7252cb5638d22e8a88b4b
      size: 700
    - path: src\load_data.py
      md5: e1b1fcc091f84e0124f912d4d2e9169f
      size: 665
    outs:
    - path: data\raw\winequality.csv
      md5: d98e8f2eca228c11c4de1cc96866a54d
      size: 93598
  split_data:
    cmd: python src\split_data.py --config=params.yaml
    deps:
    - path: data\raw\winequality.csv
      md5: d98e8f2eca228c11c4de1cc96866a54d
      size: 93598
    - path: src\split_data.py
      md5: e2ecc87e36b4dcd48c627b202cb2a4c6
      size: 1065
    outs:
    - path: data\processed\test_winequality.csv
      md5: 9a102a51207afa6c795c42c14e198b59
      size: 18836
    - path: data\processed\train_winequality.csv
      md5: a725e2c38cc21c7506c81ad4e09bb3aa
      size: 74908
  train_and_evaluate:
    cmd: python src\train_and_evaluate.py --config=params.yaml
    deps:
    - path: data\processed\test_winequality.csv
      md5: 9a102a51207afa6c795c42c14e198b59
      size: 18836
    - path: data\processed\train_winequality.csv
      md5: a725e2c38cc21c7506c81ad4e09bb3aa
      size: 74908
    - path: src\train_and_evaluate.py
      md5: 63f5c5b7d174b8dd257bdab37f043837
      size: 2519
    params:
      params.yaml:
        estimators.ElasticNet.params.alpha: 0.9
        estimators.ElasticNet.params.l1_ratio: 0.6
    outs:
    - path: report/params.json
      md5: 4799ddd27561e36f8a04409f07b35bc1
      size: 44
    - path: report/scores.json
      md5: e35f7c40977e66523e1f505e9f26fc8b
      size: 101
    - path: saved_models\model.joblib
      md5: e74ffa990cf72c2825113147ab7ec24b
      size: 819
