schema: '2.0'
stages:
  load_data:
    cmd: python src\load_data.py --config=params.yaml
    deps:
    - path: data_given\winequality.csv
      md5: ccc8d3507eb151f53f760d36abdef888
      size: 91998
    - path: src\get_data.py
      md5: 1dfdb2d5d2b7252cb5638d22e8a88b4b
      size: 700
    - path: src\load_data.py
      md5: e1b1fcc091f84e0124f912d4d2e9169f
      size: 665
    outs:
    - path: data\raw\winequality.csv
      md5: d98e8f2eca228c11c4de1cc96866a54d
      size: 93598
  split_data:
    cmd: python src\split_data.py --config=params.yaml
    deps:
    - path: data\raw\winequality.csv
      md5: d98e8f2eca228c11c4de1cc96866a54d
      size: 93598
    - path: src\split_data.py
      md5: e2ecc87e36b4dcd48c627b202cb2a4c6
      size: 1065
    outs:
    - path: data\processed\test_winequality.csv
      md5: 9a102a51207afa6c795c42c14e198b59
      size: 18836
    - path: data\processed\train_winequality.csv
      md5: a725e2c38cc21c7506c81ad4e09bb3aa
      size: 74908
  train_and_evaluate:
    cmd: python src\train_and_evaluate.py --config=params.yaml
    deps:
    - path: data\processed\test_winequality.csv
      md5: 9a102a51207afa6c795c42c14e198b59
      size: 18836
    - path: data\processed\train_winequality.csv
      md5: a725e2c38cc21c7506c81ad4e09bb3aa
      size: 74908
    - path: src\train_and_evaluate.py
      md5: 63f5c5b7d174b8dd257bdab37f043837
      size: 2519
    params:
      params.yaml:
        estimators.ElasticNet.params.alpha: 0.88
        estimators.ElasticNet.params.l1_ratio: 0.89
    outs:
    - path: report/params.json
      md5: 0568f34313ba7c5e55128b75dbcbee5c
      size: 46
    - path: report/scores.json
      md5: a081ec05a6042a6840e5c66d5527d62b
      size: 103
    - path: saved_models\model.joblib
      md5: de7293c33f5c27064ddfc73975985947
      size: 819
